
Microsoft Visual Studio Solution File, Format Version 12.00
# Visual Studio Version 16
VisualStudioVersion = 16.0.30413.136
MinimumVisualStudioVersion = 10.0.40219.1
Project("{FAE04EC0-301F-11D3-BF4B-00C04F79EFBC}") = "Drawer", "Drawer\Drawer.csproj", "{200D3EB8-3CE7-40FE-B515-B6CBBA7458ED}"
EndProject
Project("{2150E333-8FDC-42A3-9474-1A3956D46DE8}") = "Solution Items", "Solution Items", "{4944B577-FD5F-441A-B18C-D4FBC89B8D88}"
EndProject
Global
	GlobalSection(SolutionConfigurationPlatforms) = preSolution
		Debug|Any CPU = Debug|Any CPU
		Release|Any CPU = Release|Any CPU
	EndGlobalSection
	GlobalSection(ProjectConfigurationPlatforms) = postSolution
		{200D3EB8-3CE7-40FE-B515-B6CBBA7458ED}.Debug|Any CPU.ActiveCfg = Debug|Any CPU
		{200D3EB8-3CE7-40FE-B515-B6CBBA7458ED}.Debug|Any CPU.Build.0 = Debug|Any CPU
		{200D3EB8-3CE7-40FE-B515-B6CBBA7458ED}.Release|Any CPU.ActiveCfg = Release|Any CPU
		{200D3EB8-3CE7-40FE-B515-B6CBBA7458ED}.Release|Any CPU.Build.0 = Release|Any CPU
	EndGlobalSection
	GlobalSection(SolutionProperties) = preSolution
		HideSolutionNode = FALSE
	EndGlobalSection
	GlobalSection(ExtensibilityGlobals) = postSolution
		SolutionGuid = {EC086F75-6F2E-4CAE-8E06-530F1E0DEF7A}
	EndGlobalSection
EndGlobal
